{
  "version": "5",
  "specifiers": {
    "jsr:@olli/kvdex@*": "3.1.3",
    "jsr:@std/assert@*": "1.0.14",
    "jsr:@std/bytes@^1.0.4": "1.0.5",
    "jsr:@std/cli@^1.0.8": "1.0.12",
    "jsr:@std/collections@^1.0.9": "1.0.10",
    "jsr:@std/encoding@^1.0.5": "1.0.5",
    "jsr:@std/fmt@*": "1.0.3",
    "jsr:@std/fmt@^1.0.3": "1.0.3",
    "jsr:@std/html@^1.0.3": "1.0.3",
    "jsr:@std/http@*": "1.0.12",
    "jsr:@std/internal@^1.0.10": "1.0.10",
    "jsr:@std/media-types@^1.1.0": "1.1.0",
    "jsr:@std/net@^1.0.4": "1.0.4",
    "jsr:@std/path@*": "1.0.8",
    "jsr:@std/path@^1.0.8": "1.0.8",
    "jsr:@std/streams@^1.0.8": "1.0.8",
    "jsr:@std/ulid@1": "1.0.0",
    "npm:@discordjs/core@*": "1.2.0",
    "npm:@discordjs/rest@*": "2.3.0",
    "npm:@discordjs/rest@2.3.0": "2.3.0",
    "npm:discord-api-types@*": "0.37.83",
    "npm:zod@*": "3.23.8"
  },
  "jsr": {
    "@olli/kvdex@3.1.3": {
      "integrity": "36bf42ea5670092c81634c26b2ed9f68b4535b6d8270b68569923b3af03145a8",
      "dependencies": [
        "jsr:@std/bytes",
        "jsr:@std/collections",
        "jsr:@std/ulid"
      ]
    },
    "@std/assert@1.0.14": {
      "integrity": "68d0d4a43b365abc927f45a9b85c639ea18a9fab96ad92281e493e4ed84abaa4",
      "dependencies": [
        "jsr:@std/internal"
      ]
    },
    "@std/bytes@1.0.5": {
      "integrity": "4465dd739d7963d964c809202ebea6d5c6b8e3829ef25c6a224290fbb8a1021e"
    },
    "@std/cli@1.0.12": {
      "integrity": "e5cfb7814d189da174ecd7a34fbbd63f3513e24a1b307feb2fcd5da47a070d90"
    },
    "@std/collections@1.0.10": {
      "integrity": "903af106a3d92970d74e20f7ebff77d9658af9bef4403f1dc42a7801c0575899"
    },
    "@std/encoding@1.0.5": {
      "integrity": "ecf363d4fc25bd85bd915ff6733a7e79b67e0e7806334af15f4645c569fefc04"
    },
    "@std/fmt@1.0.3": {
      "integrity": "97765c16aa32245ff4e2204ecf7d8562496a3cb8592340a80e7e554e0bb9149f"
    },
    "@std/html@1.0.3": {
      "integrity": "7a0ac35e050431fb49d44e61c8b8aac1ebd55937e0dc9ec6409aa4bab39a7988"
    },
    "@std/http@1.0.12": {
      "integrity": "85246d8bfe9c8e2538518725b158bdc31f616e0869255f4a8d9e3de919cab2aa",
      "dependencies": [
        "jsr:@std/cli",
        "jsr:@std/encoding",
        "jsr:@std/fmt@^1.0.3",
        "jsr:@std/html",
        "jsr:@std/media-types",
        "jsr:@std/net",
        "jsr:@std/path@^1.0.8",
        "jsr:@std/streams"
      ]
    },
    "@std/internal@1.0.10": {
      "integrity": "e3be62ce42cab0e177c27698e5d9800122f67b766a0bea6ca4867886cbde8cf7"
    },
    "@std/media-types@1.1.0": {
      "integrity": "c9d093f0c05c3512932b330e3cc1fe1d627b301db33a4c2c2185c02471d6eaa4"
    },
    "@std/net@1.0.4": {
      "integrity": "2f403b455ebbccf83d8a027d29c5a9e3a2452fea39bb2da7f2c04af09c8bc852"
    },
    "@std/path@1.0.8": {
      "integrity": "548fa456bb6a04d3c1a1e7477986b6cffbce95102d0bb447c67c4ee70e0364be"
    },
    "@std/streams@1.0.8": {
      "integrity": "b41332d93d2cf6a82fe4ac2153b930adf1a859392931e2a19d9fabfb6f154fb3"
    },
    "@std/ulid@1.0.0": {
      "integrity": "d41c3d27a907714413649fee864b7cde8d42ee68437d22b79d5de4f81d808780"
    }
  },
  "npm": {
    "@discordjs/collection@2.1.0": {
      "integrity": "sha512-mLcTACtXUuVgutoznkh6hS3UFqYirDYAg5Dc1m8xn6OvPjetnUlf/xjtqnnc47OwWdaoCQnHmHh9KofhD6uRqw=="
    },
    "@discordjs/core@1.2.0": {
      "integrity": "sha512-Swnw6OJXkY+n+Kh/HjAsC52poaxSRRr+vFO7EzPtKJ7MF+3KyhfvsN2r4bH5NTvossoHPExw3Pcq+9pKwmK8/Q==",
      "dependencies": [
        "@discordjs/rest",
        "@discordjs/util",
        "@discordjs/ws",
        "@sapphire/snowflake",
        "@vladfrangu/async_event_emitter",
        "discord-api-types"
      ]
    },
    "@discordjs/rest@2.3.0": {
      "integrity": "sha512-C1kAJK8aSYRv3ZwMG8cvrrW4GN0g5eMdP8AuN8ODH5DyOCbHgJspze1my3xHOAgwLJdKUbWNVyAeJ9cEdduqIg==",
      "dependencies": [
        "@discordjs/collection",
        "@discordjs/util",
        "@sapphire/async-queue",
        "@sapphire/snowflake",
        "@vladfrangu/async_event_emitter",
        "discord-api-types",
        "magic-bytes.js",
        "tslib",
        "undici"
      ]
    },
    "@discordjs/util@1.1.0": {
      "integrity": "sha512-IndcI5hzlNZ7GS96RV3Xw1R2kaDuXEp7tRIy/KlhidpN/BQ1qh1NZt3377dMLTa44xDUNKT7hnXkA/oUAzD/lg=="
    },
    "@discordjs/ws@1.1.0": {
      "integrity": "sha512-O97DIeSvfNTn5wz5vaER6ciyUsr7nOqSEtsLoMhhIgeFkhnxLRqSr00/Fpq2/ppLgjDGLbQCDzIK7ilGoB/M7A==",
      "dependencies": [
        "@discordjs/collection",
        "@discordjs/rest",
        "@discordjs/util",
        "@sapphire/async-queue",
        "@types/ws",
        "@vladfrangu/async_event_emitter",
        "discord-api-types",
        "tslib",
        "ws"
      ]
    },
    "@sapphire/async-queue@1.5.2": {
      "integrity": "sha512-7X7FFAA4DngXUl95+hYbUF19bp1LGiffjJtu7ygrZrbdCSsdDDBaSjB7Akw0ZbOu6k0xpXyljnJ6/RZUvLfRdg=="
    },
    "@sapphire/snowflake@3.5.3": {
      "integrity": "sha512-jjmJywLAFoWeBi1W7994zZyiNWPIiqRRNAmSERxyg93xRGzNYvGjlZ0gR6x0F4gPRi2+0O6S71kOZYyr3cxaIQ=="
    },
    "@types/node@22.5.4": {
      "integrity": "sha512-FDuKUJQm/ju9fT/SeX/6+gBzoPzlVCzfzmGkwKvRHQVxi4BntVbyIwf6a4Xn62mrvndLiml6z/UBXIdEVjQLXg==",
      "dependencies": [
        "undici-types"
      ]
    },
    "@types/ws@8.5.10": {
      "integrity": "sha512-vmQSUcfalpIq0R9q7uTo2lXs6eGIpt9wtnLdMv9LVpIjCA/+ufZRozlVoVelIYixx1ugCBKDhn89vnsEGOCx9A==",
      "dependencies": [
        "@types/node"
      ]
    },
    "@vladfrangu/async_event_emitter@2.2.4": {
      "integrity": "sha512-ButUPz9E9cXMLgvAW8aLAKKJJsPu1dY1/l/E8xzLFuysowXygs6GBcyunK9rnGC4zTsnIc2mQo71rGw9U+Ykug=="
    },
    "discord-api-types@0.37.83": {
      "integrity": "sha512-urGGYeWtWNYMKnYlZnOnDHm8fVRffQs3U0SpE8RHeiuLKb/u92APS8HoQnPTFbnXmY1vVnXjXO4dOxcAn3J+DA=="
    },
    "magic-bytes.js@1.10.0": {
      "integrity": "sha512-/k20Lg2q8LE5xiaaSkMXk4sfvI+9EGEykFS4b0CHHGWqDYU0bGUFSwchNOMA56D7TCs9GwVTkqe9als1/ns8UQ=="
    },
    "tslib@2.8.1": {
      "integrity": "sha512-oJFu94HQb+KVduSUQL7wnpmqnfmLsOA/nAh6b6EH0wCEoK0/mPeXU6c3wKDV83MkOuHPRHtSXKKU99IBazS/2w=="
    },
    "undici-types@6.19.8": {
      "integrity": "sha512-ve2KP6f/JnbPBFyobGHuerC9g1FYGn/F8n1LWTwNxCEzd6IfqTwUQcNXgEtmmQ6DlRrC1hrSrBnCZPokRrDHjw=="
    },
    "undici@6.13.0": {
      "integrity": "sha512-Q2rtqmZWrbP8nePMq7mOJIN98M0fYvSgV89vwl/BQRT4mDOeY2GXZngfGpcBBhtky3woM7G24wZV3Q304Bv6cw=="
    },
    "ws@8.18.0": {
      "integrity": "sha512-8VbfWfHLbbwu3+N6OKsOMpBdT4kXPDDB9cJk2bJ6mh9ucxdlnNvH1e+roYkKmN9Nxw2yjz7VzeO9oOz2zJ04Pw==",
      "optionalPeers": [
        "bufferutil@^4.0.1",
        "utf-8-validate@>=5.0.2"
      ]
    },
    "zod@3.23.8": {
      "integrity": "sha512-XBx9AXhXktjUqnepgTiE5flcKIYWi/rme0Eaj+5Y0lftuGBq+jyRu/md4WnuxqgP1ubdpNCsYEYPxrzVHD8d6g=="
    }
  }
}
